
Microsoft Visual Studio Solution File, Format Version 12.00
# Visual Studio 15
Project("{FAE04EC0-301F-11D3-BF4B-00C04F79EFBC}") = "DemoCognitiveServices.Android", "DemoCognitiveServices.Android\DemoCognitiveServices.Android.csproj", "{047CB0AE-EF40-49EC-82E4-F12FE9956BD8}"
EndProject
Project("{FAE04EC0-301F-11D3-BF4B-00C04F79EFBC}") = "DemoCognitiveServices.iOS", "DemoCognitiveServices.iOS\DemoCognitiveServices.iOS.csproj", "{48A1BEA5-A04F-4F5C-B064-C5A4D93BE4C4}"
EndProject
Project("{FAE04EC0-301F-11D3-BF4B-00C04F79EFBC}") = "DemoCognitiveServices", "DemoCognitiveServices\DemoCognitiveServices.csproj", "{D057C1F4-7642-4E46-A976-B3D0A73649EB}"
EndProject
Global
	GlobalSection(SolutionConfigurationPlatforms) = preSolution
		Debug|Any CPU = Debug|Any CPU
		Release|Any CPU = Release|Any CPU
		Debug|iPhoneSimulator = Debug|iPhoneSimulator
		Release|iPhoneSimulator = Release|iPhoneSimulator
		Debug|iPhone = Debug|iPhone
		Release|iPhone = Release|iPhone
		Ad-Hoc|iPhone = Ad-Hoc|iPhone
		AppStore|iPhone = AppStore|iPhone
	EndGlobalSection
	GlobalSection(ProjectConfigurationPlatforms) = postSolution
		{047CB0AE-EF40-49EC-82E4-F12FE9956BD8}.Debug|Any CPU.ActiveCfg = Debug|Any CPU
		{047CB0AE-EF40-49EC-82E4-F12FE9956BD8}.Debug|Any CPU.Build.0 = Debug|Any CPU
		{047CB0AE-EF40-49EC-82E4-F12FE9956BD8}.Release|Any CPU.ActiveCfg = Release|Any CPU
		{047CB0AE-EF40-49EC-82E4-F12FE9956BD8}.Release|Any CPU.Build.0 = Release|Any CPU
		{047CB0AE-EF40-49EC-82E4-F12FE9956BD8}.Debug|iPhoneSimulator.ActiveCfg = Debug|Any CPU
		{047CB0AE-EF40-49EC-82E4-F12FE9956BD8}.Debug|iPhoneSimulator.Build.0 = Debug|Any CPU
		{047CB0AE-EF40-49EC-82E4-F12FE9956BD8}.Release|iPhoneSimulator.ActiveCfg = Release|Any CPU
		{047CB0AE-EF40-49EC-82E4-F12FE9956BD8}.Release|iPhoneSimulator.Build.0 = Release|Any CPU
		{047CB0AE-EF40-49EC-82E4-F12FE9956BD8}.Debug|iPhone.ActiveCfg = Debug|Any CPU
		{047CB0AE-EF40-49EC-82E4-F12FE9956BD8}.Debug|iPhone.Build.0 = Debug|Any CPU
		{047CB0AE-EF40-49EC-82E4-F12FE9956BD8}.Release|iPhone.ActiveCfg = Release|Any CPU
		{047CB0AE-EF40-49EC-82E4-F12FE9956BD8}.Release|iPhone.Build.0 = Release|Any CPU
		{047CB0AE-EF40-49EC-82E4-F12FE9956BD8}.Ad-Hoc|iPhone.ActiveCfg = Debug|Any CPU
		{047CB0AE-EF40-49EC-82E4-F12FE9956BD8}.Ad-Hoc|iPhone.Build.0 = Debug|Any CPU
		{047CB0AE-EF40-49EC-82E4-F12FE9956BD8}.AppStore|iPhone.ActiveCfg = Debug|Any CPU
		{047CB0AE-EF40-49EC-82E4-F12FE9956BD8}.AppStore|iPhone.Build.0 = Debug|Any CPU
		{48A1BEA5-A04F-4F5C-B064-C5A4D93BE4C4}.Debug|Any CPU.ActiveCfg = Debug|iPhoneSimulator
		{48A1BEA5-A04F-4F5C-B064-C5A4D93BE4C4}.Debug|Any CPU.Build.0 = Debug|iPhoneSimulator
		{48A1BEA5-A04F-4F5C-B064-C5A4D93BE4C4}.Release|Any CPU.ActiveCfg = Release|iPhoneSimulator
		{48A1BEA5-A04F-4F5C-B064-C5A4D93BE4C4}.Release|Any CPU.Build.0 = Release|iPhoneSimulator
		{48A1BEA5-A04F-4F5C-B064-C5A4D93BE4C4}.Debug|iPhoneSimulator.ActiveCfg = Debug|iPhoneSimulator
		{48A1BEA5-A04F-4F5C-B064-C5A4D93BE4C4}.Debug|iPhoneSimulator.Build.0 = Debug|iPhoneSimulator
		{48A1BEA5-A04F-4F5C-B064-C5A4D93BE4C4}.Release|iPhoneSimulator.ActiveCfg = Release|iPhoneSimulator
		{48A1BEA5-A04F-4F5C-B064-C5A4D93BE4C4}.Release|iPhoneSimulator.Build.0 = Release|iPhoneSimulator
		{48A1BEA5-A04F-4F5C-B064-C5A4D93BE4C4}.Debug|iPhone.ActiveCfg = Debug|iPhone
		{48A1BEA5-A04F-4F5C-B064-C5A4D93BE4C4}.Debug|iPhone.Build.0 = Debug|iPhone
		{48A1BEA5-A04F-4F5C-B064-C5A4D93BE4C4}.Release|iPhone.ActiveCfg = Release|iPhone
		{48A1BEA5-A04F-4F5C-B064-C5A4D93BE4C4}.Release|iPhone.Build.0 = Release|iPhone
		{48A1BEA5-A04F-4F5C-B064-C5A4D93BE4C4}.Ad-Hoc|iPhone.ActiveCfg = Ad-Hoc|iPhone
		{48A1BEA5-A04F-4F5C-B064-C5A4D93BE4C4}.Ad-Hoc|iPhone.Build.0 = Ad-Hoc|iPhone
		{48A1BEA5-A04F-4F5C-B064-C5A4D93BE4C4}.AppStore|iPhone.ActiveCfg = AppStore|iPhone
		{48A1BEA5-A04F-4F5C-B064-C5A4D93BE4C4}.AppStore|iPhone.Build.0 = AppStore|iPhone
		{D057C1F4-7642-4E46-A976-B3D0A73649EB}.Debug|Any CPU.ActiveCfg = Debug|Any CPU
		{D057C1F4-7642-4E46-A976-B3D0A73649EB}.Debug|Any CPU.Build.0 = Debug|Any CPU
		{D057C1F4-7642-4E46-A976-B3D0A73649EB}.Release|Any CPU.ActiveCfg = Release|Any CPU
		{D057C1F4-7642-4E46-A976-B3D0A73649EB}.Release|Any CPU.Build.0 = Release|Any CPU
		{D057C1F4-7642-4E46-A976-B3D0A73649EB}.Debug|iPhoneSimulator.ActiveCfg = Debug|Any CPU
		{D057C1F4-7642-4E46-A976-B3D0A73649EB}.Debug|iPhoneSimulator.Build.0 = Debug|Any CPU
		{D057C1F4-7642-4E46-A976-B3D0A73649EB}.Release|iPhoneSimulator.ActiveCfg = Release|Any CPU
		{D057C1F4-7642-4E46-A976-B3D0A73649EB}.Release|iPhoneSimulator.Build.0 = Release|Any CPU
		{D057C1F4-7642-4E46-A976-B3D0A73649EB}.Debug|iPhone.ActiveCfg = Debug|Any CPU
		{D057C1F4-7642-4E46-A976-B3D0A73649EB}.Debug|iPhone.Build.0 = Debug|Any CPU
		{D057C1F4-7642-4E46-A976-B3D0A73649EB}.Release|iPhone.ActiveCfg = Release|Any CPU
		{D057C1F4-7642-4E46-A976-B3D0A73649EB}.Release|iPhone.Build.0 = Release|Any CPU
		{D057C1F4-7642-4E46-A976-B3D0A73649EB}.Ad-Hoc|iPhone.ActiveCfg = Debug|Any CPU
		{D057C1F4-7642-4E46-A976-B3D0A73649EB}.Ad-Hoc|iPhone.Build.0 = Debug|Any CPU
		{D057C1F4-7642-4E46-A976-B3D0A73649EB}.AppStore|iPhone.ActiveCfg = Debug|Any CPU
		{D057C1F4-7642-4E46-A976-B3D0A73649EB}.AppStore|iPhone.Build.0 = Debug|Any CPU
	EndGlobalSection
EndGlobal
